
Microsoft Visual Studio Solution File, Format Version 12.00
# Visual Studio Version 16
VisualStudioVersion = 16.0.31729.503
MinimumVisualStudioVersion = 10.0.40219.1
Project("{FAE04EC0-301F-11D3-BF4B-00C04F79EFBC}") = "Testlet_Test", "Testlet_Test.csproj", "{685825B2-059C-4692-9569-B370D62F7B1A}"
EndProject
Project("{FAE04EC0-301F-11D3-BF4B-00C04F79EFBC}") = "Testlet", "..\Testlet\Testlet.csproj", "{04B03656-DBC9-4C10-8494-F2EDFE7579DE}"
EndProject
Global
	GlobalSection(SolutionConfigurationPlatforms) = preSolution
		Debug|Any CPU = Debug|Any CPU
		Release|Any CPU = Release|Any CPU
	EndGlobalSection
	GlobalSection(ProjectConfigurationPlatforms) = postSolution
		{685825B2-059C-4692-9569-B370D62F7B1A}.Debug|Any CPU.ActiveCfg = Debug|Any CPU
		{685825B2-059C-4692-9569-B370D62F7B1A}.Debug|Any CPU.Build.0 = Debug|Any CPU
		{685825B2-059C-4692-9569-B370D62F7B1A}.Release|Any CPU.ActiveCfg = Release|Any CPU
		{685825B2-059C-4692-9569-B370D62F7B1A}.Release|Any CPU.Build.0 = Release|Any CPU
		{04B03656-DBC9-4C10-8494-F2EDFE7579DE}.Debug|Any CPU.ActiveCfg = Debug|Any CPU
		{04B03656-DBC9-4C10-8494-F2EDFE7579DE}.Debug|Any CPU.Build.0 = Debug|Any CPU
		{04B03656-DBC9-4C10-8494-F2EDFE7579DE}.Release|Any CPU.ActiveCfg = Release|Any CPU
		{04B03656-DBC9-4C10-8494-F2EDFE7579DE}.Release|Any CPU.Build.0 = Release|Any CPU
	EndGlobalSection
	GlobalSection(SolutionProperties) = preSolution
		HideSolutionNode = FALSE
	EndGlobalSection
	GlobalSection(ExtensibilityGlobals) = postSolution
		SolutionGuid = {70D6CB14-E42A-4E41-9D60-9317187F4731}
	EndGlobalSection
EndGlobal
